{
  "name": "000-arqmanes.com-GEO",
  "lockfileVersion": 3,
  "requires": true,
  "packages": {
    "": {
      "devDependencies": {
        "basic-ftp": "^5.1.0",
        "dotenv": "^17.3.1"
      }
    },
    "node_modules/basic-ftp": {
      "version": "5.1.0",
      "resolved": "https://registry.npmjs.org/basic-ftp/-/basic-ftp-5.1.0.tgz",
      "integrity": "sha512-RkaJzeJKDbaDWTIPiJwubyljaEPwpVWkm9Rt5h9Nd6h7tEXTJ3VB4qxdZBioV7JO5yLUaOKwz7vDOzlncUsegw==",
      "dev": true,
      "license": "MIT",
      "engines": {
        "node": ">=10.0.0"
      }
    },
    "node_modules/dotenv": {
      "version": "17.3.1",
      "resolved": "https://registry.npmjs.org/dotenv/-/dotenv-17.3.1.tgz",
      "integrity": "sha512-IO8C/dzEb6O3F9/twg6ZLXz164a2fhTnEWb95H23Dm4OuN+92NmEAlTrupP9VW6Jm3sO26tQlqyvyi4CsnY9GA==",
      "dev": true,
      "license": "BSD-2-Clause",
      "engines": {
        "node": ">=12"
      },
      "funding": {
        "url": "https://dotenvx.com"
      }
    }
  }
}
